{
  "originHash" : "e3d93e14ddd0239906e26b3a7ba517850c8d1e41fc02f182264523ba8a20bb12",
  "pins" : [
    {
      "identity" : "adaptysdk-ios",
      "kind" : "remoteSourceControl",
      "location" : "https://github.com/adaptyteam/AdaptySDK-iOS.git",
      "state" : {
        "revision" : "4c316ffacb55efb4831998059e0e460b2c7855a5",
        "version" : "3.17.0"
      }
    },
    {
      "identity" : "confettiswiftui",
      "kind" : "remoteSourceControl",
      "location" : "https://github.com/simibac/ConfettiSwiftUI",
      "state" : {
        "revision" : "f45961f97bbae6fff6e2e64546fea0189425ad92",
        "version" : "1.1.0"
      }
    },
    {
      "identity" : "opencombine",
      "kind" : "remoteSourceControl",
      "location" : "https://github.com/OpenSwiftUIProject/OpenCombine.git",
      "state" : {
        "revision" : "63aef318cb3a853bcb8d774cce15f4dcb1ccdfe4",
        "version" : "0.15.1"
      }
    },
    {
      "identity" : "skip",
      "kind" : "remoteSourceControl",
      "location" : "https://github.com/skiptools/skip.git",
      "state" : {
        "revision" : "c9cf31ac886248b3733963f89f289c18ebce8ca1",
        "version" : "1.9.8"
      }
    },
    {
      "identity" : "skip-android-bridge",
      "kind" : "remoteSourceControl",
      "location" : "https://source.skip.tools/skip-android-bridge.git",
      "state" : {
        "revision" : "c62c6bca84719cbb7359384bd3591b6e6f2cf392",
        "version" : "0.6.6"
      }
    },
    {
      "identity" : "skip-bridge",
      "kind" : "remoteSourceControl",
      "location" : "https://source.skip.tools/skip-bridge.git",
      "state" : {
        "revision" : "3ec6897f3695543c1cd1200d3d6a149062bf39ee",
        "version" : "0.17.3"
      }
    },
    {
      "identity" : "skip-foundation",
      "kind" : "remoteSourceControl",
      "location" : "https://github.com/skiptools/skip-foundation.git",
      "state" : {
        "revision" : "6ec484b619726050731b14b8612de8e7eda8e904",
        "version" : "1.4.4"
      }
    },
    {
      "identity" : "skip-fuse",
      "kind" : "remoteSourceControl",
      "location" : "https://source.skip.tools/skip-fuse.git",
      "state" : {
        "revision" : "8b69bb0b5be7df880b8f9b3d2eb6659909a5b5c5",
        "version" : "1.0.3"
      }
    },
    {
      "identity" : "skip-fuse-ui",
      "kind" : "remoteSourceControl",
      "location" : "https://github.com/skiptools/skip-fuse-ui.git",
      "state" : {
        "revision" : "d27fc109268b21feb98a48bc1a3f4558e162d9ca",
        "version" : "1.18.1"
      }
    },
    {
      "identity" : "skip-lib",
      "kind" : "remoteSourceControl",
      "location" : "https://github.com/skiptools/skip-lib.git",
      "state" : {
        "revision" : "320f72a7f7af2f2355a59da29362f68e53341b09",
        "version" : "1.4.1"
      }
    },
    {
      "identity" : "skip-model",
      "kind" : "remoteSourceControl",
      "location" : "https://github.com/skiptools/skip-model.git",
      "state" : {
        "revision" : "9879f0b2b618ccbeeedeef34311e4024c4a9692a",
        "version" : "1.7.9"
      }
    },
    {
      "identity" : "skip-ui",
      "kind" : "remoteSourceControl",
      "location" : "https://source.skip.tools/skip-ui.git",
      "state" : {
        "revision" : "ff81a283a8d761fb355d50eb0d37136bbc0b5af1",
        "version" : "1.59.2"
      }
    },
    {
      "identity" : "skip-unit",
      "kind" : "remoteSourceControl",
      "location" : "https://github.com/skiptools/skip-unit.git",
      "state" : {
        "revision" : "314b1278f4965c8518b7833c8d15f18a5bc0301d",
        "version" : "1.7.1"
      }
    },
    {
      "identity" : "swift-android-native",
      "kind" : "remoteSourceControl",
      "location" : "https://github.com/skiptools/swift-android-native.git",
      "state" : {
        "revision" : "7e6e833e6f163a2b75340f75c70b1d96ea6b8135",
        "version" : "1.5.1"
      }
    },
    {
      "identity" : "swift-jni",
      "kind" : "remoteSourceControl",
      "location" : "https://source.skip.tools/swift-jni.git",
      "state" : {
        "revision" : "fe76ac21aca639976833b5ea3e875dc072519ac4",
        "version" : "0.5.0"
      }
    }
  ],
  "version" : 3
}
