{
  "originHash" : "61e9c1c410cf91c7a7f7dc4acd33750c4798aa0a85bcc31f353093b8fa745a83",
  "pins" : [
    {
      "identity" : "swiftextensions",
      "kind" : "remoteSourceControl",
      "location" : "https://github.com/VPavelDm/SwiftExtensions",
      "state" : {
        "branch" : "main",
        "revision" : "5c730be1d449fe03697ab23d6028c7b104663e34"
      }
    }
  ],
  "version" : 3
}
