{
  "originHash" : "61e9c1c410cf91c7a7f7dc4acd33750c4798aa0a85bcc31f353093b8fa745a83",
  "pins" : [
    {
      "identity" : "swiftextensions",
      "kind" : "remoteSourceControl",
      "location" : "https://github.com/VPavelDm/SwiftExtensions",
      "state" : {
        "branch" : "main",
        "revision" : "aef0d2ac35f82096ce24a674dc2a7a98e8c2b877"
      }
    }
  ],
  "version" : 3
}
